
Microsoft Visual Studio Solution File, Format Version 12.00
# Visual Studio 15
VisualStudioVersion = 15.0.27004.2008
MinimumVisualStudioVersion = 10.0.40219.1
Project("{FAE04EC0-301F-11D3-BF4B-00C04F79EFBC}") = "BestLibrary", "BestLibrary\BestLibrary.csproj", "{F304AF3B-02E4-4DA0-BDFF-71F03113FFAD}"
EndProject
Global
	GlobalSection(SolutionConfigurationPlatforms) = preSolution
		Debug|Any CPU = Debug|Any CPU
		Release|Any CPU = Release|Any CPU
	EndGlobalSection
	GlobalSection(ProjectConfigurationPlatforms) = postSolution
		{F304AF3B-02E4-4DA0-BDFF-71F03113FFAD}.Debug|Any CPU.ActiveCfg = Debug|Any CPU
		{F304AF3B-02E4-4DA0-BDFF-71F03113FFAD}.Debug|Any CPU.Build.0 = Debug|Any CPU
		{F304AF3B-02E4-4DA0-BDFF-71F03113FFAD}.Release|Any CPU.ActiveCfg = Release|Any CPU
		{F304AF3B-02E4-4DA0-BDFF-71F03113FFAD}.Release|Any CPU.Build.0 = Release|Any CPU
	EndGlobalSection
	GlobalSection(SolutionProperties) = preSolution
		HideSolutionNode = FALSE
	EndGlobalSection
	GlobalSection(ExtensibilityGlobals) = postSolution
		SolutionGuid = {FFF09E1B-F21D-4CCC-BA69-E9DE30002772}
	EndGlobalSection
EndGlobal
